
Microsoft Visual Studio Solution File, Format Version 12.00
# Visual Studio Version 17
VisualStudioVersion = 17.3.32825.248
MinimumVisualStudioVersion = 10.0.40219.1
Project("{FAE04EC0-301F-11D3-BF4B-00C04F79EFBC}") = "DatingApplication", "DatingApplication\DatingApplication.csproj", "{DF469620-D316-4811-8393-ED7A567C4B94}"
EndProject
Global
	GlobalSection(SolutionConfigurationPlatforms) = preSolution
		Debug|Any CPU = Debug|Any CPU
		Release|Any CPU = Release|Any CPU
	EndGlobalSection
	GlobalSection(ProjectConfigurationPlatforms) = postSolution
		{DF469620-D316-4811-8393-ED7A567C4B94}.Debug|Any CPU.ActiveCfg = Debug|Any CPU
		{DF469620-D316-4811-8393-ED7A567C4B94}.Debug|Any CPU.Build.0 = Debug|Any CPU
		{DF469620-D316-4811-8393-ED7A567C4B94}.Release|Any CPU.ActiveCfg = Release|Any CPU
		{DF469620-D316-4811-8393-ED7A567C4B94}.Release|Any CPU.Build.0 = Release|Any CPU
	EndGlobalSection
	GlobalSection(SolutionProperties) = preSolution
		HideSolutionNode = FALSE
	EndGlobalSection
	GlobalSection(ExtensibilityGlobals) = postSolution
		SolutionGuid = {0BCA00A9-C15B-4F9A-91A2-BB27CC22E41A}
	EndGlobalSection
EndGlobal
